
Microsoft Visual Studio Solution File, Format Version 12.00
# Visual Studio 2012
Project("{FAE04EC0-301F-11D3-BF4B-00C04F79EFBC}") = "IoC.Container.Core", "IoC.Container.Core\IoC.Container.Core.csproj", "{0A96C7EB-7D1A-4D4D-B445-D6E5C15BE115}"
EndProject
Global
	GlobalSection(SolutionConfigurationPlatforms) = preSolution
		Debug|Any CPU = Debug|Any CPU
		Release|Any CPU = Release|Any CPU
	EndGlobalSection
	GlobalSection(ProjectConfigurationPlatforms) = postSolution
		{0A96C7EB-7D1A-4D4D-B445-D6E5C15BE115}.Debug|Any CPU.ActiveCfg = Debug|Any CPU
		{0A96C7EB-7D1A-4D4D-B445-D6E5C15BE115}.Debug|Any CPU.Build.0 = Debug|Any CPU
		{0A96C7EB-7D1A-4D4D-B445-D6E5C15BE115}.Release|Any CPU.ActiveCfg = Release|Any CPU
		{0A96C7EB-7D1A-4D4D-B445-D6E5C15BE115}.Release|Any CPU.Build.0 = Release|Any CPU
	EndGlobalSection
	GlobalSection(SolutionProperties) = preSolution
		HideSolutionNode = FALSE
	EndGlobalSection
EndGlobal
