
Microsoft Visual Studio Solution File, Format Version 12.00
# Visual Studio 2012
Project("{FAE04EC0-301F-11D3-BF4B-00C04F79EFBC}") = "IoC.Container", "IoC.Container\IoC.Container.csproj", "{01CA708C-B506-4106-9590-F81D6D6BDD54}"
EndProject
Project("{FAE04EC0-301F-11D3-BF4B-00C04F79EFBC}") = "IoC.Container.Demo", "IoC.Container.Demo\IoC.Container.Demo.csproj", "{0FD01CD9-10D4-48AF-A0AA-2A993BB3C257}"
EndProject
Global
	GlobalSection(SolutionConfigurationPlatforms) = preSolution
		Debug|Any CPU = Debug|Any CPU
		Release|Any CPU = Release|Any CPU
	EndGlobalSection
	GlobalSection(ProjectConfigurationPlatforms) = postSolution
		{01CA708C-B506-4106-9590-F81D6D6BDD54}.Debug|Any CPU.ActiveCfg = Debug|Any CPU
		{01CA708C-B506-4106-9590-F81D6D6BDD54}.Debug|Any CPU.Build.0 = Debug|Any CPU
		{01CA708C-B506-4106-9590-F81D6D6BDD54}.Release|Any CPU.ActiveCfg = Release|Any CPU
		{01CA708C-B506-4106-9590-F81D6D6BDD54}.Release|Any CPU.Build.0 = Release|Any CPU
		{0FD01CD9-10D4-48AF-A0AA-2A993BB3C257}.Debug|Any CPU.ActiveCfg = Debug|Any CPU
		{0FD01CD9-10D4-48AF-A0AA-2A993BB3C257}.Debug|Any CPU.Build.0 = Debug|Any CPU
		{0FD01CD9-10D4-48AF-A0AA-2A993BB3C257}.Release|Any CPU.ActiveCfg = Release|Any CPU
		{0FD01CD9-10D4-48AF-A0AA-2A993BB3C257}.Release|Any CPU.Build.0 = Release|Any CPU
	EndGlobalSection
	GlobalSection(SolutionProperties) = preSolution
		HideSolutionNode = FALSE
	EndGlobalSection
EndGlobal
