
Microsoft Visual Studio Solution File, Format Version 12.00
# Visual Studio 2012
Project("{FAE04EC0-301F-11D3-BF4B-00C04F79EFBC}") = "IoC.Container", "IoC.Container\IoC.Container.csproj", "{01CA708C-B506-4106-9590-F81D6D6BDD54}"
EndProject
Project("{FAE04EC0-301F-11D3-BF4B-00C04F79EFBC}") = "IoC.Container.Demo", "IoC.Container.Demo\IoC.Container.Demo.csproj", "{0FD01CD9-10D4-48AF-A0AA-2A993BB3C257}"
EndProject
Project("{FAE04EC0-301F-11D3-BF4B-00C04F79EFBC}") = "IIS.Module", "IIS.Module\IIS.Module.csproj", "{9F65356E-8E91-4A53-90C1-FBCE85C6E9C8}"
EndProject
Project("{2150E333-8FDC-42A3-9474-1A3956D46DE8}") = ".nuget", ".nuget", "{F6D43EA8-9DCC-467F-81F7-6962D11CFAD6}"
	ProjectSection(SolutionItems) = preProject
		.nuget\NuGet.Config = .nuget\NuGet.Config
		.nuget\NuGet.exe = .nuget\NuGet.exe
		.nuget\NuGet.targets = .nuget\NuGet.targets
	EndProjectSection
EndProject
Global
	GlobalSection(SolutionConfigurationPlatforms) = preSolution
		Debug|Any CPU = Debug|Any CPU
		Release|Any CPU = Release|Any CPU
	EndGlobalSection
	GlobalSection(ProjectConfigurationPlatforms) = postSolution
		{01CA708C-B506-4106-9590-F81D6D6BDD54}.Debug|Any CPU.ActiveCfg = Debug|Any CPU
		{01CA708C-B506-4106-9590-F81D6D6BDD54}.Debug|Any CPU.Build.0 = Debug|Any CPU
		{01CA708C-B506-4106-9590-F81D6D6BDD54}.Release|Any CPU.ActiveCfg = Release|Any CPU
		{01CA708C-B506-4106-9590-F81D6D6BDD54}.Release|Any CPU.Build.0 = Release|Any CPU
		{0FD01CD9-10D4-48AF-A0AA-2A993BB3C257}.Debug|Any CPU.ActiveCfg = Debug|Any CPU
		{0FD01CD9-10D4-48AF-A0AA-2A993BB3C257}.Debug|Any CPU.Build.0 = Debug|Any CPU
		{0FD01CD9-10D4-48AF-A0AA-2A993BB3C257}.Release|Any CPU.ActiveCfg = Release|Any CPU
		{0FD01CD9-10D4-48AF-A0AA-2A993BB3C257}.Release|Any CPU.Build.0 = Release|Any CPU
		{9F65356E-8E91-4A53-90C1-FBCE85C6E9C8}.Debug|Any CPU.ActiveCfg = Debug|Any CPU
		{9F65356E-8E91-4A53-90C1-FBCE85C6E9C8}.Debug|Any CPU.Build.0 = Debug|Any CPU
		{9F65356E-8E91-4A53-90C1-FBCE85C6E9C8}.Release|Any CPU.ActiveCfg = Release|Any CPU
		{9F65356E-8E91-4A53-90C1-FBCE85C6E9C8}.Release|Any CPU.Build.0 = Release|Any CPU
	EndGlobalSection
	GlobalSection(SolutionProperties) = preSolution
		HideSolutionNode = FALSE
	EndGlobalSection
EndGlobal
